// !$*UTF8*$!
{
	archiveVersion = 1;
	classes = {
	};
	objectVersion = 50;
	objects = {

/* Begin PBXBuildFile section */
		FFD8CFFB2134E9010064ED13 /* AppDelegate.m in Sources */ = {isa = PBXBuildFile; fileRef = FFD8CFFA2134E9010064ED13 /* AppDelegate.m */; };
		FFD8CFFE2134E9010064ED13 /* ViewController.m in Sources */ = {isa = PBXBuildFile; fileRef = FFD8CFFD2134E9010064ED13 /* ViewController.m */; };
		FFD8D0012134E9010064ED13 /* Main.storyboard in Resources */ = {isa = PBXBuildFile; fileRef = FFD8CFFF2134E9010064ED13 /* Main.storyboard */; };
		FFD8D0032134E9040064ED13 /* Assets.xcassets in Resources */ = {isa = PBXBuildFile; fileRef = FFD8D0022134E9040064ED13 /* Assets.xcassets */; };
		FFD8D0062134E9040064ED13 /* LaunchScreen.storyboard in Resources */ = {isa = PBXBuildFile; fileRef = FFD8D0042134E9040064ED13 /* LaunchScreen.storyboard */; };
		FFD8D0092134E9040064ED13 /* main.m in Sources */ = {isa = PBXBuildFile; fileRef = FFD8D0082134E9040064ED13 /* main.m */; };
		FFD8D0122134E9390064ED13 /* BadCase1UISCVC.m in Sources */ = {isa = PBXBuildFile; fileRef = FFD8D0102134E9390064ED13 /* BadCase1UISCVC.m */; };
		FFD8D0132134E9390064ED13 /* BadCase1UISCVC.xib in Resources */ = {isa = PBXBuildFile; fileRef = FFD8D0112134E9390064ED13 /* BadCase1UISCVC.xib */; };
		FFD8D0162134EC560064ED13 /* CustomModalPresentationController.m in Sources */ = {isa = PBXBuildFile; fileRef = FFD8D0152134EC560064ED13 /* CustomModalPresentationController.m */; };
		FFD8D01A21350CDD0064ED13 /* SBModalViewController.m in Sources */ = {isa = PBXBuildFile; fileRef = FFD8D01821350CDD0064ED13 /* SBModalViewController.m */; };
		FFD8D01B21350CDD0064ED13 /* SBModalViewController.xib in Resources */ = {isa = PBXBuildFile; fileRef = FFD8D01921350CDD0064ED13 /* SBModalViewController.xib */; };
		FFD8D01F2135170C0064ED13 /* BadCase2UISCVC.m in Sources */ = {isa = PBXBuildFile; fileRef = FFD8D01D2135170C0064ED13 /* BadCase2UISCVC.m */; };
		FFD8D022213517C30064ED13 /* BadCase2UISCVC.xib in Resources */ = {isa = PBXBuildFile; fileRef = FFD8D021213517C30064ED13 /* BadCase2UISCVC.xib */; };
		FFD8D0252135205A0064ED13 /* CustomModalAnimator.m in Sources */ = {isa = PBXBuildFile; fileRef = FFD8D0242135205A0064ED13 /* CustomModalAnimator.m */; };
/* End PBXBuildFile section */

/* Begin PBXFileReference section */
		FFD8CFF62134E9010064ED13 /* ModalPresentationCustom.app */ = {isa = PBXFileReference; explicitFileType = wrapper.application; includeInIndex = 0; path = ModalPresentationCustom.app; sourceTree = BUILT_PRODUCTS_DIR; };
		FFD8CFF92134E9010064ED13 /* AppDelegate.h */ = {isa = PBXFileReference; lastKnownFileType = sourcecode.c.h; path = AppDelegate.h; sourceTree = "<group>"; };
		FFD8CFFA2134E9010064ED13 /* AppDelegate.m */ = {isa = PBXFileReference; lastKnownFileType = sourcecode.c.objc; path = AppDelegate.m; sourceTree = "<group>"; };
		FFD8CFFC2134E9010064ED13 /* ViewController.h */ = {isa = PBXFileReference; lastKnownFileType = sourcecode.c.h; path = ViewController.h; sourceTree = "<group>"; };
		FFD8CFFD2134E9010064ED13 /* ViewController.m */ = {isa = PBXFileReference; lastKnownFileType = sourcecode.c.objc; path = ViewController.m; sourceTree = "<group>"; };
		FFD8D0002134E9010064ED13 /* Base */ = {isa = PBXFileReference; lastKnownFileType = file.storyboard; name = Base; path = Base.lproj/Main.storyboard; sourceTree = "<group>"; };
		FFD8D0022134E9040064ED13 /* Assets.xcassets */ = {isa = PBXFileReference; lastKnownFileType = folder.assetcatalog; path = Assets.xcassets; sourceTree = "<group>"; };
		FFD8D0052134E9040064ED13 /* Base */ = {isa = PBXFileReference; lastKnownFileType = file.storyboard; name = Base; path = Base.lproj/LaunchScreen.storyboard; sourceTree = "<group>"; };
		FFD8D0072134E9040064ED13 /* Info.plist */ = {isa = PBXFileReference; lastKnownFileType = text.plist.xml; path = Info.plist; sourceTree = "<group>"; };
		FFD8D0082134E9040064ED13 /* main.m */ = {isa = PBXFileReference; lastKnownFileType = sourcecode.c.objc; path = main.m; sourceTree = "<group>"; };
		FFD8D00F2134E9390064ED13 /* BadCase1UISCVC.h */ = {isa = PBXFileReference; lastKnownFileType = sourcecode.c.h; path = BadCase1UISCVC.h; sourceTree = "<group>"; };
		FFD8D0102134E9390064ED13 /* BadCase1UISCVC.m */ = {isa = PBXFileReference; lastKnownFileType = sourcecode.c.objc; path = BadCase1UISCVC.m; sourceTree = "<group>"; };
		FFD8D0112134E9390064ED13 /* BadCase1UISCVC.xib */ = {isa = PBXFileReference; lastKnownFileType = file.xib; path = BadCase1UISCVC.xib; sourceTree = "<group>"; };
		FFD8D0142134EC560064ED13 /* CustomModalPresentationController.h */ = {isa = PBXFileReference; lastKnownFileType = sourcecode.c.h; path = CustomModalPresentationController.h; sourceTree = "<group>"; };
		FFD8D0152134EC560064ED13 /* CustomModalPresentationController.m */ = {isa = PBXFileReference; lastKnownFileType = sourcecode.c.objc; path = CustomModalPresentationController.m; sourceTree = "<group>"; };
		FFD8D01721350CDC0064ED13 /* SBModalViewController.h */ = {isa = PBXFileReference; lastKnownFileType = sourcecode.c.h; path = SBModalViewController.h; sourceTree = "<group>"; };
		FFD8D01821350CDD0064ED13 /* SBModalViewController.m */ = {isa = PBXFileReference; lastKnownFileType = sourcecode.c.objc; path = SBModalViewController.m; sourceTree = "<group>"; };
		FFD8D01921350CDD0064ED13 /* SBModalViewController.xib */ = {isa = PBXFileReference; lastKnownFileType = file.xib; path = SBModalViewController.xib; sourceTree = "<group>"; };
		FFD8D01C2135170C0064ED13 /* BadCase2UISCVC.h */ = {isa = PBXFileReference; lastKnownFileType = sourcecode.c.h; path = BadCase2UISCVC.h; sourceTree = "<group>"; };
		FFD8D01D2135170C0064ED13 /* BadCase2UISCVC.m */ = {isa = PBXFileReference; lastKnownFileType = sourcecode.c.objc; path = BadCase2UISCVC.m; sourceTree = "<group>"; };
		FFD8D021213517C30064ED13 /* BadCase2UISCVC.xib */ = {isa = PBXFileReference; lastKnownFileType = file.xib; path = BadCase2UISCVC.xib; sourceTree = "<group>"; };
		FFD8D0232135205A0064ED13 /* CustomModalAnimator.h */ = {isa = PBXFileReference; lastKnownFileType = sourcecode.c.h; path = CustomModalAnimator.h; sourceTree = "<group>"; };
		FFD8D0242135205A0064ED13 /* CustomModalAnimator.m */ = {isa = PBXFileReference; lastKnownFileType = sourcecode.c.objc; path = CustomModalAnimator.m; sourceTree = "<group>"; };
/* End PBXFileReference section */

/* Begin PBXFrameworksBuildPhase section */
		FFD8CFF32134E9010064ED13 /* Frameworks */ = {
			isa = PBXFrameworksBuildPhase;
			buildActionMask = 2147483647;
			files = (
			);
			runOnlyForDeploymentPostprocessing = 0;
		};
/* End PBXFrameworksBuildPhase section */

/* Begin PBXGroup section */
		FFD8CFED2134E9010064ED13 = {
			isa = PBXGroup;
			children = (
				FFD8CFF82134E9010064ED13 /* ModalPresentationCustom */,
				FFD8CFF72134E9010064ED13 /* Products */,
			);
			sourceTree = "<group>";
		};
		FFD8CFF72134E9010064ED13 /* Products */ = {
			isa = PBXGroup;
			children = (
				FFD8CFF62134E9010064ED13 /* ModalPresentationCustom.app */,
			);
			name = Products;
			sourceTree = "<group>";
		};
		FFD8CFF82134E9010064ED13 /* ModalPresentationCustom */ = {
			isa = PBXGroup;
			children = (
				FFD8CFF92134E9010064ED13 /* AppDelegate.h */,
				FFD8CFFA2134E9010064ED13 /* AppDelegate.m */,
				FFD8CFFC2134E9010064ED13 /* ViewController.h */,
				FFD8CFFD2134E9010064ED13 /* ViewController.m */,
				FFD8D0142134EC560064ED13 /* CustomModalPresentationController.h */,
				FFD8D0152134EC560064ED13 /* CustomModalPresentationController.m */,
				FFD8D00F2134E9390064ED13 /* BadCase1UISCVC.h */,
				FFD8D0102134E9390064ED13 /* BadCase1UISCVC.m */,
				FFD8D0112134E9390064ED13 /* BadCase1UISCVC.xib */,
				FFD8CFFF2134E9010064ED13 /* Main.storyboard */,
				FFD8D0022134E9040064ED13 /* Assets.xcassets */,
				FFD8D0042134E9040064ED13 /* LaunchScreen.storyboard */,
				FFD8D0072134E9040064ED13 /* Info.plist */,
				FFD8D0082134E9040064ED13 /* main.m */,
				FFD8D01721350CDC0064ED13 /* SBModalViewController.h */,
				FFD8D01821350CDD0064ED13 /* SBModalViewController.m */,
				FFD8D01921350CDD0064ED13 /* SBModalViewController.xib */,
				FFD8D01C2135170C0064ED13 /* BadCase2UISCVC.h */,
				FFD8D01D2135170C0064ED13 /* BadCase2UISCVC.m */,
				FFD8D021213517C30064ED13 /* BadCase2UISCVC.xib */,
				FFD8D0232135205A0064ED13 /* CustomModalAnimator.h */,
				FFD8D0242135205A0064ED13 /* CustomModalAnimator.m */,
			);
			path = ModalPresentationCustom;
			sourceTree = "<group>";
		};
/* End PBXGroup section */

/* Begin PBXNativeTarget section */
		FFD8CFF52134E9010064ED13 /* ModalPresentationCustom */ = {
			isa = PBXNativeTarget;
			buildConfigurationList = FFD8D00C2134E9040064ED13 /* Build configuration list for PBXNativeTarget "ModalPresentationCustom" */;
			buildPhases = (
				FFD8CFF22134E9010064ED13 /* Sources */,
				FFD8CFF32134E9010064ED13 /* Frameworks */,
				FFD8CFF42134E9010064ED13 /* Resources */,
			);
			buildRules = (
			);
			dependencies = (
			);
			name = ModalPresentationCustom;
			productName = ModalPresentationCustom;
			productReference = FFD8CFF62134E9010064ED13 /* ModalPresentationCustom.app */;
			productType = "com.apple.product-type.application";
		};
/* End PBXNativeTarget section */

/* Begin PBXProject section */
		FFD8CFEE2134E9010064ED13 /* Project object */ = {
			isa = PBXProject;
			attributes = {
				LastUpgradeCheck = 0940;
				ORGANIZATIONNAME = "nagado-kazumasa";
				TargetAttributes = {
					FFD8CFF52134E9010064ED13 = {
						CreatedOnToolsVersion = 9.4.1;
					};
				};
			};
			buildConfigurationList = FFD8CFF12134E9010064ED13 /* Build configuration list for PBXProject "ModalPresentationCustom" */;
			compatibilityVersion = "Xcode 9.3";
			developmentRegion = en;
			hasScannedForEncodings = 0;
			knownRegions = (
				en,
				Base,
			);
			mainGroup = FFD8CFED2134E9010064ED13;
			productRefGroup = FFD8CFF72134E9010064ED13 /* Products */;
			projectDirPath = "";
			projectRoot = "";
			targets = (
				FFD8CFF52134E9010064ED13 /* ModalPresentationCustom */,
			);
		};
/* End PBXProject section */

/* Begin PBXResourcesBuildPhase section */
		FFD8CFF42134E9010064ED13 /* Resources */ = {
			isa = PBXResourcesBuildPhase;
			buildActionMask = 2147483647;
			files = (
				FFD8D0132134E9390064ED13 /* BadCase1UISCVC.xib in Resources */,
				FFD8D022213517C30064ED13 /* BadCase2UISCVC.xib in Resources */,
				FFD8D0062134E9040064ED13 /* LaunchScreen.storyboard in Resources */,
				FFD8D01B21350CDD0064ED13 /* SBModalViewController.xib in Resources */,
				FFD8D0032134E9040064ED13 /* Assets.xcassets in Resources */,
				FFD8D0012134E9010064ED13 /* Main.storyboard in Resources */,
			);
			runOnlyForDeploymentPostprocessing = 0;
		};
/* End PBXResourcesBuildPhase section */

/* Begin PBXSourcesBuildPhase section */
		FFD8CFF22134E9010064ED13 /* Sources */ = {
			isa = PBXSourcesBuildPhase;
			buildActionMask = 2147483647;
			files = (
				FFD8D0122134E9390064ED13 /* BadCase1UISCVC.m in Sources */,
				FFD8CFFE2134E9010064ED13 /* ViewController.m in Sources */,
				FFD8D0092134E9040064ED13 /* main.m in Sources */,
				FFD8D0252135205A0064ED13 /* CustomModalAnimator.m in Sources */,
				FFD8D01A21350CDD0064ED13 /* SBModalViewController.m in Sources */,
				FFD8CFFB2134E9010064ED13 /* AppDelegate.m in Sources */,
				FFD8D0162134EC560064ED13 /* CustomModalPresentationController.m in Sources */,
				FFD8D01F2135170C0064ED13 /* BadCase2UISCVC.m in Sources */,
			);
			runOnlyForDeploymentPostprocessing = 0;
		};
/* End PBXSourcesBuildPhase section */

/* Begin PBXVariantGroup section */
		FFD8CFFF2134E9010064ED13 /* Main.storyboard */ = {
			isa = PBXVariantGroup;
			children = (
				FFD8D0002134E9010064ED13 /* Base */,
			);
			name = Main.storyboard;
			sourceTree = "<group>";
		};
		FFD8D0042134E9040064ED13 /* LaunchScreen.storyboard */ = {
			isa = PBXVariantGroup;
			children = (
				FFD8D0052134E9040064ED13 /* Base */,
			);
			name = LaunchScreen.storyboard;
			sourceTree = "<group>";
		};
/* End PBXVariantGroup section */

/* Begin XCBuildConfiguration section */
		FFD8D00A2134E9040064ED13 /* Debug */ = {
			isa = XCBuildConfiguration;
			buildSettings = {
				ALWAYS_SEARCH_USER_PATHS = NO;
				CLANG_ANALYZER_NONNULL = YES;
				CLANG_ANALYZER_NUMBER_OBJECT_CONVERSION = YES_AGGRESSIVE;
				CLANG_CXX_LANGUAGE_STANDARD = "gnu++14";
				CLANG_CXX_LIBRARY = "libc++";
				CLANG_ENABLE_MODULES = YES;
				CLANG_ENABLE_OBJC_ARC = YES;
				CLANG_ENABLE_OBJC_WEAK = YES;
				CLANG_WARN_BLOCK_CAPTURE_AUTORELEASING = YES;
				CLANG_WARN_BOOL_CONVERSION = YES;
				CLANG_WARN_COMMA = YES;
				CLANG_WARN_CONSTANT_CONVERSION = YES;
				CLANG_WARN_DEPRECATED_OBJC_IMPLEMENTATIONS = YES;
				CLANG_WARN_DIRECT_OBJC_ISA_USAGE = YES_ERROR;
				CLANG_WARN_DOCUMENTATION_COMMENTS = YES;
				CLANG_WARN_EMPTY_BODY = YES;
				CLANG_WARN_ENUM_CONVERSION = YES;
				CLANG_WARN_INFINITE_RECURSION = YES;
				CLANG_WARN_INT_CONVERSION = YES;
				CLANG_WARN_NON_LITERAL_NULL_CONVERSION = YES;
				CLANG_WARN_OBJC_IMPLICIT_RETAIN_SELF = YES;
				CLANG_WARN_OBJC_LITERAL_CONVERSION = YES;
				CLANG_WARN_OBJC_ROOT_CLASS = YES_ERROR;
				CLANG_WARN_RANGE_LOOP_ANALYSIS = YES;
				CLANG_WARN_STRICT_PROTOTYPES = YES;
				CLANG_WARN_SUSPICIOUS_MOVE = YES;
				CLANG_WARN_UNGUARDED_AVAILABILITY = YES_AGGRESSIVE;
				CLANG_WARN_UNREACHABLE_CODE = YES;
				CLANG_WARN__DUPLICATE_METHOD_MATCH = YES;
				CODE_SIGN_IDENTITY = "iPhone Developer";
				COPY_PHASE_STRIP = NO;
				DEBUG_INFORMATION_FORMAT = dwarf;
				ENABLE_STRICT_OBJC_MSGSEND = YES;
				ENABLE_TESTABILITY = YES;
				GCC_C_LANGUAGE_STANDARD = gnu11;
				GCC_DYNAMIC_NO_PIC = NO;
				GCC_NO_COMMON_BLOCKS = YES;
				GCC_OPTIMIZATION_LEVEL = 0;
				GCC_PREPROCESSOR_DEFINITIONS = (
					"DEBUG=1",
					"$(inherited)",
				);
				GCC_WARN_64_TO_32_BIT_CONVERSION = YES;
				GCC_WARN_ABOUT_RETURN_TYPE = YES_ERROR;
				GCC_WARN_UNDECLARED_SELECTOR = YES;
				GCC_WARN_UNINITIALIZED_AUTOS = YES_AGGRESSIVE;
				GCC_WARN_UNUSED_FUNCTION = YES;
				GCC_WARN_UNUSED_VARIABLE = YES;
				IPHONEOS_DEPLOYMENT_TARGET = 11.4;
				MTL_ENABLE_DEBUG_INFO = YES;
				ONLY_ACTIVE_ARCH = YES;
				SDKROOT = iphoneos;
			};
			name = Debug;
		};
		FFD8D00B2134E9040064ED13 /* Release */ = {
			isa = XCBuildConfiguration;
			buildSettings = {
				ALWAYS_SEARCH_USER_PATHS = NO;
				CLANG_ANALYZER_NONNULL = YES;
				CLANG_ANALYZER_NUMBER_OBJECT_CONVERSION = YES_AGGRESSIVE;
				CLANG_CXX_LANGUAGE_STANDARD = "gnu++14";
				CLANG_CXX_LIBRARY = "libc++";
				CLANG_ENABLE_MODULES = YES;
				CLANG_ENABLE_OBJC_ARC = YES;
				CLANG_ENABLE_OBJC_WEAK = YES;
				CLANG_WARN_BLOCK_CAPTURE_AUTORELEASING = YES;
				CLANG_WARN_BOOL_CONVERSION = YES;
				CLANG_WARN_COMMA = YES;
				CLANG_WARN_CONSTANT_CONVERSION = YES;
				CLANG_WARN_DEPRECATED_OBJC_IMPLEMENTATIONS = YES;
				CLANG_WARN_DIRECT_OBJC_ISA_USAGE = YES_ERROR;
				CLANG_WARN_DOCUMENTATION_COMMENTS = YES;
				CLANG_WARN_EMPTY_BODY = YES;
				CLANG_WARN_ENUM_CONVERSION = YES;
				CLANG_WARN_INFINITE_RECURSION = YES;
				CLANG_WARN_INT_CONVERSION = YES;
				CLANG_WARN_NON_LITERAL_NULL_CONVERSION = YES;
				CLANG_WARN_OBJC_IMPLICIT_RETAIN_SELF = YES;
				CLANG_WARN_OBJC_LITERAL_CONVERSION = YES;
				CLANG_WARN_OBJC_ROOT_CLASS = YES_ERROR;
				CLANG_WARN_RANGE_LOOP_ANALYSIS = YES;
				CLANG_WARN_STRICT_PROTOTYPES = YES;
				CLANG_WARN_SUSPICIOUS_MOVE = YES;
				CLANG_WARN_UNGUARDED_AVAILABILITY = YES_AGGRESSIVE;
				CLANG_WARN_UNREACHABLE_CODE = YES;
				CLANG_WARN__DUPLICATE_METHOD_MATCH = YES;
				CODE_SIGN_IDENTITY = "iPhone Developer";
				COPY_PHASE_STRIP = NO;
				DEBUG_INFORMATION_FORMAT = "dwarf-with-dsym";
				ENABLE_NS_ASSERTIONS = NO;
				ENABLE_STRICT_OBJC_MSGSEND = YES;
				GCC_C_LANGUAGE_STANDARD = gnu11;
				GCC_NO_COMMON_BLOCKS = YES;
				GCC_WARN_64_TO_32_BIT_CONVERSION = YES;
				GCC_WARN_ABOUT_RETURN_TYPE = YES_ERROR;
				GCC_WARN_UNDECLARED_SELECTOR = YES;
				GCC_WARN_UNINITIALIZED_AUTOS = YES_AGGRESSIVE;
				GCC_WARN_UNUSED_FUNCTION = YES;
				GCC_WARN_UNUSED_VARIABLE = YES;
				IPHONEOS_DEPLOYMENT_TARGET = 11.4;
				MTL_ENABLE_DEBUG_INFO = NO;
				SDKROOT = iphoneos;
				VALIDATE_PRODUCT = YES;
			};
			name = Release;
		};
		FFD8D00D2134E9040064ED13 /* Debug */ = {
			isa = XCBuildConfiguration;
			buildSettings = {
				ASSETCATALOG_COMPILER_APPICON_NAME = AppIcon;
				CODE_SIGN_STYLE = Automatic;
				DEVELOPMENT_TEAM = A797L6F3UU;
				INFOPLIST_FILE = ModalPresentationCustom/Info.plist;
				IPHONEOS_DEPLOYMENT_TARGET = 9.0;
				LD_RUNPATH_SEARCH_PATHS = (
					"$(inherited)",
					"@executable_path/Frameworks",
				);
				PRODUCT_BUNDLE_IDENTIFIER = com.nagado.ModalPresentationCustom;
				PRODUCT_NAME = "$(TARGET_NAME)";
				TARGETED_DEVICE_FAMILY = "1,2";
			};
			name = Debug;
		};
		FFD8D00E2134E9040064ED13 /* Release */ = {
			isa = XCBuildConfiguration;
			buildSettings = {
				ASSETCATALOG_COMPILER_APPICON_NAME = AppIcon;
				CODE_SIGN_STYLE = Automatic;
				DEVELOPMENT_TEAM = A797L6F3UU;
				INFOPLIST_FILE = ModalPresentationCustom/Info.plist;
				IPHONEOS_DEPLOYMENT_TARGET = 9.0;
				LD_RUNPATH_SEARCH_PATHS = (
					"$(inherited)",
					"@executable_path/Frameworks",
				);
				PRODUCT_BUNDLE_IDENTIFIER = com.nagado.ModalPresentationCustom;
				PRODUCT_NAME = "$(TARGET_NAME)";
				TARGETED_DEVICE_FAMILY = "1,2";
			};
			name = Release;
		};
/* End XCBuildConfiguration section */

/* Begin XCConfigurationList section */
		FFD8CFF12134E9010064ED13 /* Build configuration list for PBXProject "ModalPresentationCustom" */ = {
			isa = XCConfigurationList;
			buildConfigurations = (
				FFD8D00A2134E9040064ED13 /* Debug */,
				FFD8D00B2134E9040064ED13 /* Release */,
			);
			defaultConfigurationIsVisible = 0;
			defaultConfigurationName = Release;
		};
		FFD8D00C2134E9040064ED13 /* Build configuration list for PBXNativeTarget "ModalPresentationCustom" */ = {
			isa = XCConfigurationList;
			buildConfigurations = (
				FFD8D00D2134E9040064ED13 /* Debug */,
				FFD8D00E2134E9040064ED13 /* Release */,
			);
			defaultConfigurationIsVisible = 0;
			defaultConfigurationName = Release;
		};
/* End XCConfigurationList section */
	};
	rootObject = FFD8CFEE2134E9010064ED13 /* Project object */;
}
